
Microsoft Visual Studio Solution File, Format Version 12.00
# Visual Studio Version 16
VisualStudioVersion = 16.0.810.22
MinimumVisualStudioVersion = 10.0.40219.1
Project("{FAE04EC0-301F-11D3-BF4B-00C04F79EFBC}") = "Arrays", "Arrays.csproj", "{9EDCEC59-D341-4376-810D-344EEBCF7C24}"
EndProject
Project("{FAE04EC0-301F-11D3-BF4B-00C04F79EFBC}") = "LoopingThroughTheArray", "LoopingThroughTheArray\LoopingThroughTheArray.csproj", "{2E3C062D-06E6-4910-A54B-ECEADF88BC59}"
EndProject
Project("{FAE04EC0-301F-11D3-BF4B-00C04F79EFBC}") = "ForEachInArray", "ForEachInArray\ForEachInArray.csproj", "{DF0CAD63-F44E-4EE1-9ECC-C3F0F0DB4534}"
EndProject
Project("{FAE04EC0-301F-11D3-BF4B-00C04F79EFBC}") = "RandomFromArray", "RandomFromArray\RandomFromArray.csproj", "{598E8B83-DA10-46DB-B43B-2F0FE52C4725}"
EndProject
Project("{FAE04EC0-301F-11D3-BF4B-00C04F79EFBC}") = "FortuneCookie", "FortuneCookie\FortuneCookie.csproj", "{C7803863-C681-4FF8-9EE5-23733F96D903}"
EndProject
Project("{FAE04EC0-301F-11D3-BF4B-00C04F79EFBC}") = "MatterOfTaste", "MatterOfTaste\MatterOfTaste.csproj", "{DE198455-2229-47E1-A99F-CADF5DC77C3F}"
EndProject
Global
	GlobalSection(SolutionConfigurationPlatforms) = preSolution
		Debug|Any CPU = Debug|Any CPU
		Release|Any CPU = Release|Any CPU
	EndGlobalSection
	GlobalSection(ProjectConfigurationPlatforms) = postSolution
		{9EDCEC59-D341-4376-810D-344EEBCF7C24}.Debug|Any CPU.ActiveCfg = Debug|Any CPU
		{9EDCEC59-D341-4376-810D-344EEBCF7C24}.Debug|Any CPU.Build.0 = Debug|Any CPU
		{9EDCEC59-D341-4376-810D-344EEBCF7C24}.Release|Any CPU.ActiveCfg = Release|Any CPU
		{9EDCEC59-D341-4376-810D-344EEBCF7C24}.Release|Any CPU.Build.0 = Release|Any CPU
		{2E3C062D-06E6-4910-A54B-ECEADF88BC59}.Debug|Any CPU.ActiveCfg = Debug|Any CPU
		{2E3C062D-06E6-4910-A54B-ECEADF88BC59}.Debug|Any CPU.Build.0 = Debug|Any CPU
		{2E3C062D-06E6-4910-A54B-ECEADF88BC59}.Release|Any CPU.ActiveCfg = Release|Any CPU
		{2E3C062D-06E6-4910-A54B-ECEADF88BC59}.Release|Any CPU.Build.0 = Release|Any CPU
		{DF0CAD63-F44E-4EE1-9ECC-C3F0F0DB4534}.Debug|Any CPU.ActiveCfg = Debug|Any CPU
		{DF0CAD63-F44E-4EE1-9ECC-C3F0F0DB4534}.Debug|Any CPU.Build.0 = Debug|Any CPU
		{DF0CAD63-F44E-4EE1-9ECC-C3F0F0DB4534}.Release|Any CPU.ActiveCfg = Release|Any CPU
		{DF0CAD63-F44E-4EE1-9ECC-C3F0F0DB4534}.Release|Any CPU.Build.0 = Release|Any CPU
		{598E8B83-DA10-46DB-B43B-2F0FE52C4725}.Debug|Any CPU.ActiveCfg = Debug|Any CPU
		{598E8B83-DA10-46DB-B43B-2F0FE52C4725}.Debug|Any CPU.Build.0 = Debug|Any CPU
		{598E8B83-DA10-46DB-B43B-2F0FE52C4725}.Release|Any CPU.ActiveCfg = Release|Any CPU
		{598E8B83-DA10-46DB-B43B-2F0FE52C4725}.Release|Any CPU.Build.0 = Release|Any CPU
		{C7803863-C681-4FF8-9EE5-23733F96D903}.Debug|Any CPU.ActiveCfg = Debug|Any CPU
		{C7803863-C681-4FF8-9EE5-23733F96D903}.Debug|Any CPU.Build.0 = Debug|Any CPU
		{C7803863-C681-4FF8-9EE5-23733F96D903}.Release|Any CPU.ActiveCfg = Release|Any CPU
		{C7803863-C681-4FF8-9EE5-23733F96D903}.Release|Any CPU.Build.0 = Release|Any CPU
		{DE198455-2229-47E1-A99F-CADF5DC77C3F}.Debug|Any CPU.ActiveCfg = Debug|Any CPU
		{DE198455-2229-47E1-A99F-CADF5DC77C3F}.Debug|Any CPU.Build.0 = Debug|Any CPU
		{DE198455-2229-47E1-A99F-CADF5DC77C3F}.Release|Any CPU.ActiveCfg = Release|Any CPU
		{DE198455-2229-47E1-A99F-CADF5DC77C3F}.Release|Any CPU.Build.0 = Release|Any CPU
	EndGlobalSection
	GlobalSection(SolutionProperties) = preSolution
		HideSolutionNode = FALSE
	EndGlobalSection
	GlobalSection(ExtensibilityGlobals) = postSolution
		SolutionGuid = {74B162FE-E8E0-4C8B-996F-31F2705A921C}
	EndGlobalSection
EndGlobal
